
Microsoft Visual Studio Solution File, Format Version 12.00
Project("{FAE04EC0-301F-11D3-BF4B-00C04F79EFBC}") = "ASPNET", "ASPNET\ASPNET.csproj", "{F6074E57-BA8A-460B-B1A3-223FA706B78E}"
EndProject
Project("{FAE04EC0-301F-11D3-BF4B-00C04F79EFBC}") = "OOP", "OOP\OOP.csproj", "{C0220D81-6A4D-4B8A-AED9-3D727799F3C7}"
EndProject
Project("{FAE04EC0-301F-11D3-BF4B-00C04F79EFBC}") = "001HW_static_classes", "001HW_static_classes\001HW_static_classes.csproj", "{6A3841D1-92B6-41BB-BB5E-29A0FAFFCF74}"
EndProject
Project("{FAE04EC0-301F-11D3-BF4B-00C04F79EFBC}") = "InstantiateClass", "InstantiateClass\InstantiateClass.csproj", "{4A2B4F5C-A651-4E4B-A9CD-C1586FA29E14}"
EndProject
Global
	GlobalSection(SolutionConfigurationPlatforms) = preSolution
		Debug|Any CPU = Debug|Any CPU
		Release|Any CPU = Release|Any CPU
	EndGlobalSection
	GlobalSection(ProjectConfigurationPlatforms) = postSolution
		{F6074E57-BA8A-460B-B1A3-223FA706B78E}.Debug|Any CPU.ActiveCfg = Debug|Any CPU
		{F6074E57-BA8A-460B-B1A3-223FA706B78E}.Debug|Any CPU.Build.0 = Debug|Any CPU
		{F6074E57-BA8A-460B-B1A3-223FA706B78E}.Release|Any CPU.ActiveCfg = Release|Any CPU
		{F6074E57-BA8A-460B-B1A3-223FA706B78E}.Release|Any CPU.Build.0 = Release|Any CPU
		{C0220D81-6A4D-4B8A-AED9-3D727799F3C7}.Debug|Any CPU.ActiveCfg = Debug|Any CPU
		{C0220D81-6A4D-4B8A-AED9-3D727799F3C7}.Debug|Any CPU.Build.0 = Debug|Any CPU
		{C0220D81-6A4D-4B8A-AED9-3D727799F3C7}.Release|Any CPU.ActiveCfg = Release|Any CPU
		{C0220D81-6A4D-4B8A-AED9-3D727799F3C7}.Release|Any CPU.Build.0 = Release|Any CPU
		{6A3841D1-92B6-41BB-BB5E-29A0FAFFCF74}.Debug|Any CPU.ActiveCfg = Debug|Any CPU
		{6A3841D1-92B6-41BB-BB5E-29A0FAFFCF74}.Debug|Any CPU.Build.0 = Debug|Any CPU
		{6A3841D1-92B6-41BB-BB5E-29A0FAFFCF74}.Release|Any CPU.ActiveCfg = Release|Any CPU
		{6A3841D1-92B6-41BB-BB5E-29A0FAFFCF74}.Release|Any CPU.Build.0 = Release|Any CPU
		{4A2B4F5C-A651-4E4B-A9CD-C1586FA29E14}.Debug|Any CPU.ActiveCfg = Debug|Any CPU
		{4A2B4F5C-A651-4E4B-A9CD-C1586FA29E14}.Debug|Any CPU.Build.0 = Debug|Any CPU
		{4A2B4F5C-A651-4E4B-A9CD-C1586FA29E14}.Release|Any CPU.ActiveCfg = Release|Any CPU
		{4A2B4F5C-A651-4E4B-A9CD-C1586FA29E14}.Release|Any CPU.Build.0 = Release|Any CPU
	EndGlobalSection
EndGlobal
